# This file is autogenerated, do not edit; changes may be undone by the next 'dep ensure'.


[[projects]]
  name = "github.com/aws/aws-lambda-go"
  packages = [
    "events",
    "lambda",
    "lambda/messages",
    "lambdacontext"
  ]
  revision = "2d482ef09017ae953b1e8d5a6ddac5b696663a3c"
  version = "v1.6.0"

[[projects]]
  branch = "master"
  name = "github.com/fnproject/fdk-go"
  packages = [
    ".",
    "utils"
  ]
  revision = "1c783fe496250a3e27445273fb43cace6fd4ee2b"

[solve-meta]
  analyzer-name = "dep"
  analyzer-version = 1
  inputs-digest = "f3247146380ebd39c3104856076cfa1375eda34a6a7c9acfd5c500438fd4b35a"
  solver-name = "gps-cdcl"
  solver-version = 1
